
Microsoft Visual Studio Solution File, Format Version 12.00
# Visual Studio Version 16
VisualStudioVersion = 16.0.30503.244
MinimumVisualStudioVersion = 10.0.40219.1
Project("{FAE04EC0-301F-11D3-BF4B-00C04F79EFBC}") = "Homework 1", "Homework 1\Homework 1.csproj", "{515D6BDC-4A88-44DB-9180-8278B45EE6F4}"
EndProject
Project("{FAE04EC0-301F-11D3-BF4B-00C04F79EFBC}") = "Homework 2", "Homework 2\Homework 2.csproj", "{6E94944D-EFF6-45B0-9651-407CE7F832E2}"
EndProject
Project("{FAE04EC0-301F-11D3-BF4B-00C04F79EFBC}") = "Homework 3", "Homework 3\Homework 3.csproj", "{BA2A2A0C-1952-4D01-89C8-5230CC63F747}"
EndProject
Project("{FAE04EC0-301F-11D3-BF4B-00C04F79EFBC}") = "Homework 4", "Homework 4\Homework 4.csproj", "{61A6AB6C-9E1B-4421-946F-14F9A1B7248B}"
EndProject
Project("{FAE04EC0-301F-11D3-BF4B-00C04F79EFBC}") = "Homework 5", "Homework 5\Homework 5.csproj", "{B302447F-1A0B-4E7A-8E91-E711737D9E79}"
EndProject
Project("{FAE04EC0-301F-11D3-BF4B-00C04F79EFBC}") = "Homework 6", "Homework 6\Homework 6.csproj", "{35D0EF18-7615-4E83-8FAA-A3D3F4C200F8}"
EndProject
Global
	GlobalSection(SolutionConfigurationPlatforms) = preSolution
		Debug|Any CPU = Debug|Any CPU
		Release|Any CPU = Release|Any CPU
	EndGlobalSection
	GlobalSection(ProjectConfigurationPlatforms) = postSolution
		{515D6BDC-4A88-44DB-9180-8278B45EE6F4}.Debug|Any CPU.ActiveCfg = Debug|Any CPU
		{515D6BDC-4A88-44DB-9180-8278B45EE6F4}.Debug|Any CPU.Build.0 = Debug|Any CPU
		{515D6BDC-4A88-44DB-9180-8278B45EE6F4}.Release|Any CPU.ActiveCfg = Release|Any CPU
		{515D6BDC-4A88-44DB-9180-8278B45EE6F4}.Release|Any CPU.Build.0 = Release|Any CPU
		{6E94944D-EFF6-45B0-9651-407CE7F832E2}.Debug|Any CPU.ActiveCfg = Debug|Any CPU
		{6E94944D-EFF6-45B0-9651-407CE7F832E2}.Debug|Any CPU.Build.0 = Debug|Any CPU
		{6E94944D-EFF6-45B0-9651-407CE7F832E2}.Release|Any CPU.ActiveCfg = Release|Any CPU
		{6E94944D-EFF6-45B0-9651-407CE7F832E2}.Release|Any CPU.Build.0 = Release|Any CPU
		{BA2A2A0C-1952-4D01-89C8-5230CC63F747}.Debug|Any CPU.ActiveCfg = Debug|Any CPU
		{BA2A2A0C-1952-4D01-89C8-5230CC63F747}.Debug|Any CPU.Build.0 = Debug|Any CPU
		{BA2A2A0C-1952-4D01-89C8-5230CC63F747}.Release|Any CPU.ActiveCfg = Release|Any CPU
		{BA2A2A0C-1952-4D01-89C8-5230CC63F747}.Release|Any CPU.Build.0 = Release|Any CPU
		{61A6AB6C-9E1B-4421-946F-14F9A1B7248B}.Debug|Any CPU.ActiveCfg = Debug|Any CPU
		{61A6AB6C-9E1B-4421-946F-14F9A1B7248B}.Debug|Any CPU.Build.0 = Debug|Any CPU
		{61A6AB6C-9E1B-4421-946F-14F9A1B7248B}.Release|Any CPU.ActiveCfg = Release|Any CPU
		{61A6AB6C-9E1B-4421-946F-14F9A1B7248B}.Release|Any CPU.Build.0 = Release|Any CPU
		{B302447F-1A0B-4E7A-8E91-E711737D9E79}.Debug|Any CPU.ActiveCfg = Debug|Any CPU
		{B302447F-1A0B-4E7A-8E91-E711737D9E79}.Debug|Any CPU.Build.0 = Debug|Any CPU
		{B302447F-1A0B-4E7A-8E91-E711737D9E79}.Release|Any CPU.ActiveCfg = Release|Any CPU
		{B302447F-1A0B-4E7A-8E91-E711737D9E79}.Release|Any CPU.Build.0 = Release|Any CPU
		{35D0EF18-7615-4E83-8FAA-A3D3F4C200F8}.Debug|Any CPU.ActiveCfg = Debug|Any CPU
		{35D0EF18-7615-4E83-8FAA-A3D3F4C200F8}.Debug|Any CPU.Build.0 = Debug|Any CPU
		{35D0EF18-7615-4E83-8FAA-A3D3F4C200F8}.Release|Any CPU.ActiveCfg = Release|Any CPU
		{35D0EF18-7615-4E83-8FAA-A3D3F4C200F8}.Release|Any CPU.Build.0 = Release|Any CPU
	EndGlobalSection
	GlobalSection(SolutionProperties) = preSolution
		HideSolutionNode = FALSE
	EndGlobalSection
	GlobalSection(ExtensibilityGlobals) = postSolution
		SolutionGuid = {249BEDEC-896E-4B3B-A2EE-DBBA604724C8}
	EndGlobalSection
EndGlobal
